Microsoft Visual Studio Solution File, Format Version 12.00
# Visual Studio Version 16
VisualStudioVersion = 16.0.0.0
MinimumVisualStudioVersion = 16.0.0.0
Project("{9A19103F-16F7-4668-BE54-9A1E7A4F7556}") = "SettleWith.Server", "Server\SettleWith.Server.csproj", "{D38E1640-DE37-435E-B359-D776667D126D}"
EndProject
Project("{9A19103F-16F7-4668-BE54-9A1E7A4F7556}") = "SettleWith.Client", "Client\SettleWith.Client.csproj", "{BD1330E4-C9AD-4F58-B2C1-DFF75886FEE4}"
EndProject
Project("{9A19103F-16F7-4668-BE54-9A1E7A4F7556}") = "SettleWith.Domain", "Shared\SettleWith.Domain.csproj", "{A1922FD6-7C6B-4C7E-9664-F86164C3F0C5}"
EndProject
Project("{FAE04EC0-301F-11D3-BF4B-00C04F79EFBC}") = "SettleWith.Application", "SettleWith.Application\SettleWith.Application.csproj", "{987F4DEF-9768-403A-AD51-D3D0FC636059}"
EndProject
Project("{FAE04EC0-301F-11D3-BF4B-00C04F79EFBC}") = "SettleWith.Adapters", "SettleWith.Adapters\SettleWith.Adapters.csproj", "{012D820E-E88F-4A00-879D-214F01DC9FE5}"
EndProject
Project("{FAE04EC0-301F-11D3-BF4B-00C04F79EFBC}") = "SettleWith.Tests", "SettleWith.Tests\SettleWith.Tests.csproj", "{9706DD6F-FBF4-402D-B7EA-10A7509C389D}"
EndProject
Global
	GlobalSection(SolutionConfigurationPlatforms) = preSolution
		Debug|Any CPU = Debug|Any CPU
		Debug|x64 = Debug|x64
		Debug|x86 = Debug|x86
		Release|Any CPU = Release|Any CPU
		Release|x64 = Release|x64
		Release|x86 = Release|x86
	EndGlobalSection
	GlobalSection(ProjectConfigurationPlatforms) = postSolution
		{BD1330E4-C9AD-4F58-B2C1-DFF75886FEE4}.Debug|Any CPU.ActiveCfg = Debug|Any CPU
		{BD1330E4-C9AD-4F58-B2C1-DFF75886FEE4}.Debug|Any CPU.Build.0 = Debug|Any CPU
		{BD1330E4-C9AD-4F58-B2C1-DFF75886FEE4}.Debug|x64.ActiveCfg = Debug|Any CPU
		{BD1330E4-C9AD-4F58-B2C1-DFF75886FEE4}.Debug|x64.Build.0 = Debug|Any CPU
		{BD1330E4-C9AD-4F58-B2C1-DFF75886FEE4}.Debug|x86.ActiveCfg = Debug|Any CPU
		{BD1330E4-C9AD-4F58-B2C1-DFF75886FEE4}.Debug|x86.Build.0 = Debug|Any CPU
		{BD1330E4-C9AD-4F58-B2C1-DFF75886FEE4}.Release|Any CPU.ActiveCfg = Release|Any CPU
		{BD1330E4-C9AD-4F58-B2C1-DFF75886FEE4}.Release|Any CPU.Build.0 = Release|Any CPU
		{BD1330E4-C9AD-4F58-B2C1-DFF75886FEE4}.Release|x64.ActiveCfg = Release|Any CPU
		{BD1330E4-C9AD-4F58-B2C1-DFF75886FEE4}.Release|x64.Build.0 = Release|Any CPU
		{BD1330E4-C9AD-4F58-B2C1-DFF75886FEE4}.Release|x86.ActiveCfg = Release|Any CPU
		{BD1330E4-C9AD-4F58-B2C1-DFF75886FEE4}.Release|x86.Build.0 = Release|Any CPU
		{D38E1640-DE37-435E-B359-D776667D126D}.Debug|Any CPU.ActiveCfg = Debug|Any CPU
		{D38E1640-DE37-435E-B359-D776667D126D}.Debug|Any CPU.Build.0 = Debug|Any CPU
		{D38E1640-DE37-435E-B359-D776667D126D}.Debug|x64.ActiveCfg = Debug|Any CPU
		{D38E1640-DE37-435E-B359-D776667D126D}.Debug|x64.Build.0 = Debug|Any CPU
		{D38E1640-DE37-435E-B359-D776667D126D}.Debug|x86.ActiveCfg = Debug|Any CPU
		{D38E1640-DE37-435E-B359-D776667D126D}.Debug|x86.Build.0 = Debug|Any CPU
		{D38E1640-DE37-435E-B359-D776667D126D}.Release|Any CPU.ActiveCfg = Release|Any CPU
		{D38E1640-DE37-435E-B359-D776667D126D}.Release|Any CPU.Build.0 = Release|Any CPU
		{D38E1640-DE37-435E-B359-D776667D126D}.Release|x64.ActiveCfg = Release|Any CPU
		{D38E1640-DE37-435E-B359-D776667D126D}.Release|x64.Build.0 = Release|Any CPU
		{D38E1640-DE37-435E-B359-D776667D126D}.Release|x86.ActiveCfg = Release|Any CPU
		{D38E1640-DE37-435E-B359-D776667D126D}.Release|x86.Build.0 = Release|Any CPU
		{A1922FD6-7C6B-4C7E-9664-F86164C3F0C5}.Debug|Any CPU.ActiveCfg = Debug|Any CPU
		{A1922FD6-7C6B-4C7E-9664-F86164C3F0C5}.Debug|Any CPU.Build.0 = Debug|Any CPU
		{A1922FD6-7C6B-4C7E-9664-F86164C3F0C5}.Debug|x64.ActiveCfg = Debug|Any CPU
		{A1922FD6-7C6B-4C7E-9664-F86164C3F0C5}.Debug|x64.Build.0 = Debug|Any CPU
		{A1922FD6-7C6B-4C7E-9664-F86164C3F0C5}.Debug|x86.ActiveCfg = Debug|Any CPU
		{A1922FD6-7C6B-4C7E-9664-F86164C3F0C5}.Debug|x86.Build.0 = Debug|Any CPU
		{A1922FD6-7C6B-4C7E-9664-F86164C3F0C5}.Release|Any CPU.ActiveCfg = Release|Any CPU
		{A1922FD6-7C6B-4C7E-9664-F86164C3F0C5}.Release|Any CPU.Build.0 = Release|Any CPU
		{A1922FD6-7C6B-4C7E-9664-F86164C3F0C5}.Release|x64.ActiveCfg = Release|Any CPU
		{A1922FD6-7C6B-4C7E-9664-F86164C3F0C5}.Release|x64.Build.0 = Release|Any CPU
		{A1922FD6-7C6B-4C7E-9664-F86164C3F0C5}.Release|x86.ActiveCfg = Release|Any CPU
		{A1922FD6-7C6B-4C7E-9664-F86164C3F0C5}.Release|x86.Build.0 = Release|Any CPU
		{987F4DEF-9768-403A-AD51-D3D0FC636059}.Debug|Any CPU.ActiveCfg = Debug|Any CPU
		{987F4DEF-9768-403A-AD51-D3D0FC636059}.Debug|Any CPU.Build.0 = Debug|Any CPU
		{987F4DEF-9768-403A-AD51-D3D0FC636059}.Debug|x64.ActiveCfg = Debug|Any CPU
		{987F4DEF-9768-403A-AD51-D3D0FC636059}.Debug|x64.Build.0 = Debug|Any CPU
		{987F4DEF-9768-403A-AD51-D3D0FC636059}.Debug|x86.ActiveCfg = Debug|Any CPU
		{987F4DEF-9768-403A-AD51-D3D0FC636059}.Debug|x86.Build.0 = Debug|Any CPU
		{987F4DEF-9768-403A-AD51-D3D0FC636059}.Release|Any CPU.ActiveCfg = Release|Any CPU
		{987F4DEF-9768-403A-AD51-D3D0FC636059}.Release|Any CPU.Build.0 = Release|Any CPU
		{987F4DEF-9768-403A-AD51-D3D0FC636059}.Release|x64.ActiveCfg = Release|Any CPU
		{987F4DEF-9768-403A-AD51-D3D0FC636059}.Release|x64.Build.0 = Release|Any CPU
		{987F4DEF-9768-403A-AD51-D3D0FC636059}.Release|x86.ActiveCfg = Release|Any CPU
		{987F4DEF-9768-403A-AD51-D3D0FC636059}.Release|x86.Build.0 = Release|Any CPU
		{012D820E-E88F-4A00-879D-214F01DC9FE5}.Debug|Any CPU.ActiveCfg = Debug|Any CPU
		{012D820E-E88F-4A00-879D-214F01DC9FE5}.Debug|Any CPU.Build.0 = Debug|Any CPU
		{012D820E-E88F-4A00-879D-214F01DC9FE5}.Debug|x64.ActiveCfg = Debug|Any CPU
		{012D820E-E88F-4A00-879D-214F01DC9FE5}.Debug|x64.Build.0 = Debug|Any CPU
		{012D820E-E88F-4A00-879D-214F01DC9FE5}.Debug|x86.ActiveCfg = Debug|Any CPU
		{012D820E-E88F-4A00-879D-214F01DC9FE5}.Debug|x86.Build.0 = Debug|Any CPU
		{012D820E-E88F-4A00-879D-214F01DC9FE5}.Release|Any CPU.ActiveCfg = Release|Any CPU
		{012D820E-E88F-4A00-879D-214F01DC9FE5}.Release|Any CPU.Build.0 = Release|Any CPU
		{012D820E-E88F-4A00-879D-214F01DC9FE5}.Release|x64.ActiveCfg = Release|Any CPU
		{012D820E-E88F-4A00-879D-214F01DC9FE5}.Release|x64.Build.0 = Release|Any CPU
		{012D820E-E88F-4A00-879D-214F01DC9FE5}.Release|x86.ActiveCfg = Release|Any CPU
		{012D820E-E88F-4A00-879D-214F01DC9FE5}.Release|x86.Build.0 = Release|Any CPU
		{9706DD6F-FBF4-402D-B7EA-10A7509C389D}.Debug|Any CPU.ActiveCfg = Debug|Any CPU
		{9706DD6F-FBF4-402D-B7EA-10A7509C389D}.Debug|Any CPU.Build.0 = Debug|Any CPU
		{9706DD6F-FBF4-402D-B7EA-10A7509C389D}.Debug|x64.ActiveCfg = Debug|Any CPU
		{9706DD6F-FBF4-402D-B7EA-10A7509C389D}.Debug|x64.Build.0 = Debug|Any CPU
		{9706DD6F-FBF4-402D-B7EA-10A7509C389D}.Debug|x86.ActiveCfg = Debug|Any CPU
		{9706DD6F-FBF4-402D-B7EA-10A7509C389D}.Debug|x86.Build.0 = Debug|Any CPU
		{9706DD6F-FBF4-402D-B7EA-10A7509C389D}.Release|Any CPU.ActiveCfg = Release|Any CPU
		{9706DD6F-FBF4-402D-B7EA-10A7509C389D}.Release|Any CPU.Build.0 = Release|Any CPU
		{9706DD6F-FBF4-402D-B7EA-10A7509C389D}.Release|x64.ActiveCfg = Release|Any CPU
		{9706DD6F-FBF4-402D-B7EA-10A7509C389D}.Release|x64.Build.0 = Release|Any CPU
		{9706DD6F-FBF4-402D-B7EA-10A7509C389D}.Release|x86.ActiveCfg = Release|Any CPU
		{9706DD6F-FBF4-402D-B7EA-10A7509C389D}.Release|x86.Build.0 = Release|Any CPU
	EndGlobalSection
	GlobalSection(SolutionProperties) = preSolution
		HideSolutionNode = FALSE
	EndGlobalSection
	GlobalSection(ExtensibilityGlobals) = postSolution
		SolutionGuid = {9926672C-61D5-4941-8755-CD74EBECC717}
	EndGlobalSection
EndGlobal
